// !$*UTF8*$!
{
	archiveVersion = 1;
	classes = {
	};
	objectVersion = 50;
	objects = {

/* Begin PBXBuildFile section */
		1142B2AF2134662900064CCA /* AppDelegate.swift in Sources */ = {isa = PBXBuildFile; fileRef = 1142B2AE2134662900064CCA /* AppDelegate.swift */; };
		1142B2B12134662900064CCA /* ViewController.swift in Sources */ = {isa = PBXBuildFile; fileRef = 1142B2B02134662900064CCA /* ViewController.swift */; };
		1142B2B42134662900064CCA /* Main.storyboard in Resources */ = {isa = PBXBuildFile; fileRef = 1142B2B22134662900064CCA /* Main.storyboard */; };
		1142B2B62134662B00064CCA /* Assets.xcassets in Resources */ = {isa = PBXBuildFile; fileRef = 1142B2B52134662B00064CCA /* Assets.xcassets */; };
		1142B2B92134662B00064CCA /* LaunchScreen.storyboard in Resources */ = {isa = PBXBuildFile; fileRef = 1142B2B72134662B00064CCA /* LaunchScreen.storyboard */; };
		1142B2C821346CD600064CCA /* Office-Motortrack-Office-10kmh.gpx in Resources */ = {isa = PBXBuildFile; fileRef = 1142B2C721346CD600064CCA /* Office-Motortrack-Office-10kmh.gpx */; };
/* End PBXBuildFile section */

/* Begin PBXFileReference section */
		1142B2AB2134662900064CCA /* LocationInjector.app */ = {isa = PBXFileReference; explicitFileType = wrapper.application; includeInIndex = 0; path = LocationInjector.app; sourceTree = BUILT_PRODUCTS_DIR; };
		1142B2AE2134662900064CCA /* AppDelegate.swift */ = {isa = PBXFileReference; lastKnownFileType = sourcecode.swift; path = AppDelegate.swift; sourceTree = "<group>"; };
		1142B2B02134662900064CCA /* ViewController.swift */ = {isa = PBXFileReference; lastKnownFileType = sourcecode.swift; path = ViewController.swift; sourceTree = "<group>"; };
		1142B2B32134662900064CCA /* Base */ = {isa = PBXFileReference; lastKnownFileType = file.storyboard; name = Base; path = Base.lproj/Main.storyboard; sourceTree = "<group>"; };
		1142B2B52134662B00064CCA /* Assets.xcassets */ = {isa = PBXFileReference; lastKnownFileType = folder.assetcatalog; path = Assets.xcassets; sourceTree = "<group>"; };
		1142B2B82134662B00064CCA /* Base */ = {isa = PBXFileReference; lastKnownFileType = file.storyboard; name = Base; path = Base.lproj/LaunchScreen.storyboard; sourceTree = "<group>"; };
		1142B2BA2134662B00064CCA /* Info.plist */ = {isa = PBXFileReference; lastKnownFileType = text.plist.xml; path = Info.plist; sourceTree = "<group>"; };
		1142B2C721346CD600064CCA /* Office-Motortrack-Office-10kmh.gpx */ = {isa = PBXFileReference; fileEncoding = 4; lastKnownFileType = text.xml; path = "Office-Motortrack-Office-10kmh.gpx"; sourceTree = "<group>"; };
/* End PBXFileReference section */

/* Begin PBXFrameworksBuildPhase section */
		1142B2A82134662900064CCA /* Frameworks */ = {
			isa = PBXFrameworksBuildPhase;
			buildActionMask = 2147483647;
			files = (
			);
			runOnlyForDeploymentPostprocessing = 0;
		};
/* End PBXFrameworksBuildPhase section */

/* Begin PBXGroup section */
		1142B2A22134662900064CCA = {
			isa = PBXGroup;
			children = (
				1142B2AD2134662900064CCA /* LocationInjector */,
				1142B2AC2134662900064CCA /* Products */,
			);
			sourceTree = "<group>";
		};
		1142B2AC2134662900064CCA /* Products */ = {
			isa = PBXGroup;
			children = (
				1142B2AB2134662900064CCA /* LocationInjector.app */,
			);
			name = Products;
			sourceTree = "<group>";
		};
		1142B2AD2134662900064CCA /* LocationInjector */ = {
			isa = PBXGroup;
			children = (
				1142B2C621346A1B00064CCA /* GPX Files */,
				1142B2C02134691B00064CCA /* Controllers */,
				1142B2C52134697C00064CCA /* Storyboards */,
				1142B2C32134696400064CCA /* Supporting files */,
			);
			path = LocationInjector;
			sourceTree = "<group>";
		};
		1142B2C02134691B00064CCA /* Controllers */ = {
			isa = PBXGroup;
			children = (
				1142B2B02134662900064CCA /* ViewController.swift */,
			);
			path = Controllers;
			sourceTree = "<group>";
		};
		1142B2C32134696400064CCA /* Supporting files */ = {
			isa = PBXGroup;
			children = (
				1142B2AE2134662900064CCA /* AppDelegate.swift */,
				1142B2B52134662B00064CCA /* Assets.xcassets */,
				1142B2BA2134662B00064CCA /* Info.plist */,
			);
			path = "Supporting files";
			sourceTree = "<group>";
		};
		1142B2C52134697C00064CCA /* Storyboards */ = {
			isa = PBXGroup;
			children = (
				1142B2B22134662900064CCA /* Main.storyboard */,
				1142B2B72134662B00064CCA /* LaunchScreen.storyboard */,
			);
			path = Storyboards;
			sourceTree = "<group>";
		};
		1142B2C621346A1B00064CCA /* GPX Files */ = {
			isa = PBXGroup;
			children = (
				1142B2C721346CD600064CCA /* Office-Motortrack-Office-10kmh.gpx */,
			);
			path = "GPX Files";
			sourceTree = "<group>";
		};
/* End PBXGroup section */

/* Begin PBXNativeTarget section */
		1142B2AA2134662900064CCA /* LocationInjector */ = {
			isa = PBXNativeTarget;
			buildConfigurationList = 1142B2BD2134662B00064CCA /* Build configuration list for PBXNativeTarget "LocationInjector" */;
			buildPhases = (
				1142B2A72134662900064CCA /* Sources */,
				1142B2A82134662900064CCA /* Frameworks */,
				1142B2A92134662900064CCA /* Resources */,
			);
			buildRules = (
			);
			dependencies = (
			);
			name = LocationInjector;
			productName = LocationInjector;
			productReference = 1142B2AB2134662900064CCA /* LocationInjector.app */;
			productType = "com.apple.product-type.application";
		};
/* End PBXNativeTarget section */

/* Begin PBXProject section */
		1142B2A32134662900064CCA /* Project object */ = {
			isa = PBXProject;
			attributes = {
				LastSwiftUpdateCheck = 0940;
				LastUpgradeCheck = 0940;
				ORGANIZATIONNAME = Alexander;
				TargetAttributes = {
					1142B2AA2134662900064CCA = {
						CreatedOnToolsVersion = 9.4.1;
						SystemCapabilities = {
							com.apple.BackgroundModes = {
								enabled = 1;
							};
						};
					};
				};
			};
			buildConfigurationList = 1142B2A62134662900064CCA /* Build configuration list for PBXProject "LocationInjector" */;
			compatibilityVersion = "Xcode 9.3";
			developmentRegion = en;
			hasScannedForEncodings = 0;
			knownRegions = (
				en,
				Base,
			);
			mainGroup = 1142B2A22134662900064CCA;
			productRefGroup = 1142B2AC2134662900064CCA /* Products */;
			projectDirPath = "";
			projectRoot = "";
			targets = (
				1142B2AA2134662900064CCA /* LocationInjector */,
			);
		};
/* End PBXProject section */

/* Begin PBXResourcesBuildPhase section */
		1142B2A92134662900064CCA /* Resources */ = {
			isa = PBXResourcesBuildPhase;
			buildActionMask = 2147483647;
			files = (
				1142B2B92134662B00064CCA /* LaunchScreen.storyboard in Resources */,
				1142B2C821346CD600064CCA /* Office-Motortrack-Office-10kmh.gpx in Resources */,
				1142B2B62134662B00064CCA /* Assets.xcassets in Resources */,
				1142B2B42134662900064CCA /* Main.storyboard in Resources */,
			);
			runOnlyForDeploymentPostprocessing = 0;
		};
/* End PBXResourcesBuildPhase section */

/* Begin PBXSourcesBuildPhase section */
		1142B2A72134662900064CCA /* Sources */ = {
			isa = PBXSourcesBuildPhase;
			buildActionMask = 2147483647;
			files = (
				1142B2B12134662900064CCA /* ViewController.swift in Sources */,
				1142B2AF2134662900064CCA /* AppDelegate.swift in Sources */,
			);
			runOnlyForDeploymentPostprocessing = 0;
		};
/* End PBXSourcesBuildPhase section */

/* Begin PBXVariantGroup section */
		1142B2B22134662900064CCA /* Main.storyboard */ = {
			isa = PBXVariantGroup;
			children = (
				1142B2B32134662900064CCA /* Base */,
			);
			name = Main.storyboard;
			sourceTree = "<group>";
		};
		1142B2B72134662B00064CCA /* LaunchScreen.storyboard */ = {
			isa = PBXVariantGroup;
			children = (
				1142B2B82134662B00064CCA /* Base */,
			);
			name = LaunchScreen.storyboard;
			sourceTree = "<group>";
		};
/* End PBXVariantGroup section */

/* Begin XCBuildConfiguration section */
		1142B2BB2134662B00064CCA /* Debug */ = {
			isa = XCBuildConfiguration;
			buildSettings = {
				ALWAYS_SEARCH_USER_PATHS = NO;
				CLANG_ANALYZER_NONNULL = YES;
				CLANG_ANALYZER_NUMBER_OBJECT_CONVERSION = YES_AGGRESSIVE;
				CLANG_CXX_LANGUAGE_STANDARD = "gnu++14";
				CLANG_CXX_LIBRARY = "libc++";
				CLANG_ENABLE_MODULES = YES;
				CLANG_ENABLE_OBJC_ARC = YES;
				CLANG_ENABLE_OBJC_WEAK = YES;
				CLANG_WARN_BLOCK_CAPTURE_AUTORELEASING = YES;
				CLANG_WARN_BOOL_CONVERSION = YES;
				CLANG_WARN_COMMA = YES;
				CLANG_WARN_CONSTANT_CONVERSION = YES;
				CLANG_WARN_DEPRECATED_OBJC_IMPLEMENTATIONS = YES;
				CLANG_WARN_DIRECT_OBJC_ISA_USAGE = YES_ERROR;
				CLANG_WARN_DOCUMENTATION_COMMENTS = YES;
				CLANG_WARN_EMPTY_BODY = YES;
				CLANG_WARN_ENUM_CONVERSION = YES;
				CLANG_WARN_INFINITE_RECURSION = YES;
				CLANG_WARN_INT_CONVERSION = YES;
				CLANG_WARN_NON_LITERAL_NULL_CONVERSION = YES;
				CLANG_WARN_OBJC_IMPLICIT_RETAIN_SELF = YES;
				CLANG_WARN_OBJC_LITERAL_CONVERSION = YES;
				CLANG_WARN_OBJC_ROOT_CLASS = YES_ERROR;
				CLANG_WARN_RANGE_LOOP_ANALYSIS = YES;
				CLANG_WARN_STRICT_PROTOTYPES = YES;
				CLANG_WARN_SUSPICIOUS_MOVE = YES;
				CLANG_WARN_UNGUARDED_AVAILABILITY = YES_AGGRESSIVE;
				CLANG_WARN_UNREACHABLE_CODE = YES;
				CLANG_WARN__DUPLICATE_METHOD_MATCH = YES;
				CODE_SIGN_IDENTITY = "iPhone Developer";
				COPY_PHASE_STRIP = NO;
				DEBUG_INFORMATION_FORMAT = dwarf;
				ENABLE_STRICT_OBJC_MSGSEND = YES;
				ENABLE_TESTABILITY = YES;
				GCC_C_LANGUAGE_STANDARD = gnu11;
				GCC_DYNAMIC_NO_PIC = NO;
				GCC_NO_COMMON_BLOCKS = YES;
				GCC_OPTIMIZATION_LEVEL = 0;
				GCC_PREPROCESSOR_DEFINITIONS = (
					"DEBUG=1",
					"$(inherited)",
				);
				GCC_WARN_64_TO_32_BIT_CONVERSION = YES;
				GCC_WARN_ABOUT_RETURN_TYPE = YES_ERROR;
				GCC_WARN_UNDECLARED_SELECTOR = YES;
				GCC_WARN_UNINITIALIZED_AUTOS = YES_AGGRESSIVE;
				GCC_WARN_UNUSED_FUNCTION = YES;
				GCC_WARN_UNUSED_VARIABLE = YES;
				IPHONEOS_DEPLOYMENT_TARGET = 11.4;
				MTL_ENABLE_DEBUG_INFO = YES;
				ONLY_ACTIVE_ARCH = YES;
				SDKROOT = iphoneos;
				SWIFT_ACTIVE_COMPILATION_CONDITIONS = DEBUG;
				SWIFT_OPTIMIZATION_LEVEL = "-Onone";
			};
			name = Debug;
		};
		1142B2BC2134662B00064CCA /* Release */ = {
			isa = XCBuildConfiguration;
			buildSettings = {
				ALWAYS_SEARCH_USER_PATHS = NO;
				CLANG_ANALYZER_NONNULL = YES;
				CLANG_ANALYZER_NUMBER_OBJECT_CONVERSION = YES_AGGRESSIVE;
				CLANG_CXX_LANGUAGE_STANDARD = "gnu++14";
				CLANG_CXX_LIBRARY = "libc++";
				CLANG_ENABLE_MODULES = YES;
				CLANG_ENABLE_OBJC_ARC = YES;
				CLANG_ENABLE_OBJC_WEAK = YES;
				CLANG_WARN_BLOCK_CAPTURE_AUTORELEASING = YES;
				CLANG_WARN_BOOL_CONVERSION = YES;
				CLANG_WARN_COMMA = YES;
				CLANG_WARN_CONSTANT_CONVERSION = YES;
				CLANG_WARN_DEPRECATED_OBJC_IMPLEMENTATIONS = YES;
				CLANG_WARN_DIRECT_OBJC_ISA_USAGE = YES_ERROR;
				CLANG_WARN_DOCUMENTATION_COMMENTS = YES;
				CLANG_WARN_EMPTY_BODY = YES;
				CLANG_WARN_ENUM_CONVERSION = YES;
				CLANG_WARN_INFINITE_RECURSION = YES;
				CLANG_WARN_INT_CONVERSION = YES;
				CLANG_WARN_NON_LITERAL_NULL_CONVERSION = YES;
				CLANG_WARN_OBJC_IMPLICIT_RETAIN_SELF = YES;
				CLANG_WARN_OBJC_LITERAL_CONVERSION = YES;
				CLANG_WARN_OBJC_ROOT_CLASS = YES_ERROR;
				CLANG_WARN_RANGE_LOOP_ANALYSIS = YES;
				CLANG_WARN_STRICT_PROTOTYPES = YES;
				CLANG_WARN_SUSPICIOUS_MOVE = YES;
				CLANG_WARN_UNGUARDED_AVAILABILITY = YES_AGGRESSIVE;
				CLANG_WARN_UNREACHABLE_CODE = YES;
				CLANG_WARN__DUPLICATE_METHOD_MATCH = YES;
				CODE_SIGN_IDENTITY = "iPhone Developer";
				COPY_PHASE_STRIP = NO;
				DEBUG_INFORMATION_FORMAT = "dwarf-with-dsym";
				ENABLE_NS_ASSERTIONS = NO;
				ENABLE_STRICT_OBJC_MSGSEND = YES;
				GCC_C_LANGUAGE_STANDARD = gnu11;
				GCC_NO_COMMON_BLOCKS = YES;
				GCC_WARN_64_TO_32_BIT_CONVERSION = YES;
				GCC_WARN_ABOUT_RETURN_TYPE = YES_ERROR;
				GCC_WARN_UNDECLARED_SELECTOR = YES;
				GCC_WARN_UNINITIALIZED_AUTOS = YES_AGGRESSIVE;
				GCC_WARN_UNUSED_FUNCTION = YES;
				GCC_WARN_UNUSED_VARIABLE = YES;
				IPHONEOS_DEPLOYMENT_TARGET = 11.4;
				MTL_ENABLE_DEBUG_INFO = NO;
				SDKROOT = iphoneos;
				SWIFT_COMPILATION_MODE = wholemodule;
				SWIFT_OPTIMIZATION_LEVEL = "-O";
				VALIDATE_PRODUCT = YES;
			};
			name = Release;
		};
		1142B2BE2134662B00064CCA /* Debug */ = {
			isa = XCBuildConfiguration;
			buildSettings = {
				ASSETCATALOG_COMPILER_APPICON_NAME = AppIcon;
				CODE_SIGN_STYLE = Automatic;
				DEVELOPMENT_TEAM = 6D227VF4C6;
				INFOPLIST_FILE = "$(SRCROOT)/LocationInjector/Supporting files/Info.plist";
				LD_RUNPATH_SEARCH_PATHS = (
					"$(inherited)",
					"@executable_path/Frameworks",
				);
				PRODUCT_BUNDLE_IDENTIFIER = com.appolica.LocationInjector;
				PRODUCT_NAME = "$(TARGET_NAME)";
				SWIFT_VERSION = 4.0;
				TARGETED_DEVICE_FAMILY = "1,2";
			};
			name = Debug;
		};
		1142B2BF2134662B00064CCA /* Release */ = {
			isa = XCBuildConfiguration;
			buildSettings = {
				ASSETCATALOG_COMPILER_APPICON_NAME = AppIcon;
				CODE_SIGN_STYLE = Automatic;
				DEVELOPMENT_TEAM = 6D227VF4C6;
				INFOPLIST_FILE = "$(SRCROOT)/LocationInjector/Supporting files/Info.plist";
				LD_RUNPATH_SEARCH_PATHS = (
					"$(inherited)",
					"@executable_path/Frameworks",
				);
				PRODUCT_BUNDLE_IDENTIFIER = com.appolica.LocationInjector;
				PRODUCT_NAME = "$(TARGET_NAME)";
				SWIFT_VERSION = 4.0;
				TARGETED_DEVICE_FAMILY = "1,2";
			};
			name = Release;
		};
/* End XCBuildConfiguration section */

/* Begin XCConfigurationList section */
		1142B2A62134662900064CCA /* Build configuration list for PBXProject "LocationInjector" */ = {
			isa = XCConfigurationList;
			buildConfigurations = (
				1142B2BB2134662B00064CCA /* Debug */,
				1142B2BC2134662B00064CCA /* Release */,
			);
			defaultConfigurationIsVisible = 0;
			defaultConfigurationName = Release;
		};
		1142B2BD2134662B00064CCA /* Build configuration list for PBXNativeTarget "LocationInjector" */ = {
			isa = XCConfigurationList;
			buildConfigurations = (
				1142B2BE2134662B00064CCA /* Debug */,
				1142B2BF2134662B00064CCA /* Release */,
			);
			defaultConfigurationIsVisible = 0;
			defaultConfigurationName = Release;
		};
/* End XCConfigurationList section */
	};
	rootObject = 1142B2A32134662900064CCA /* Project object */;
}
